
Microsoft Visual Studio Solution File, Format Version 12.00
# Visual Studio Version 17
VisualStudioVersion = 17.14.36623.8 d17.14
MinimumVisualStudioVersion = 10.0.40219.1
Project("{FAE04EC0-301F-11D3-BF4B-00C04F79EFBC}") = "DataFlashViewer", "DataFlashViewer\DataFlashViewer.csproj", "{626927E5-2F88-457F-ACF7-FDC91B3D8B29}"
EndProject
Global
	GlobalSection(SolutionConfigurationPlatforms) = preSolution
		Debug|Any CPU = Debug|Any CPU
		Release|Any CPU = Release|Any CPU
	EndGlobalSection
	GlobalSection(ProjectConfigurationPlatforms) = postSolution
		{626927E5-2F88-457F-ACF7-FDC91B3D8B29}.Debug|Any CPU.ActiveCfg = Debug|Any CPU
		{626927E5-2F88-457F-ACF7-FDC91B3D8B29}.Debug|Any CPU.Build.0 = Debug|Any CPU
		{626927E5-2F88-457F-ACF7-FDC91B3D8B29}.Release|Any CPU.ActiveCfg = Release|Any CPU
		{626927E5-2F88-457F-ACF7-FDC91B3D8B29}.Release|Any CPU.Build.0 = Release|Any CPU
	EndGlobalSection
	GlobalSection(SolutionProperties) = preSolution
		HideSolutionNode = FALSE
	EndGlobalSection
	GlobalSection(ExtensibilityGlobals) = postSolution
		SolutionGuid = {69F8F4F4-A5E8-4533-BDBB-0AED16CB8174}
	EndGlobalSection
EndGlobal
